
Microsoft Visual Studio Solution File, Format Version 12.00
# Visual Studio Version 16
VisualStudioVersion = 16.0.29324.140
MinimumVisualStudioVersion = 10.0.40219.1
Project("{9A19103F-16F7-4668-BE54-9A1E7A4F7556}") = "PS.Template.API", "PS.Template.API\PS.Template.API.csproj", "{FB19B40E-07B6-4B7E-B5FE-69E4EFAD2087}"
EndProject
Project("{9A19103F-16F7-4668-BE54-9A1E7A4F7556}") = "PS.Template.Application", "PS.Template.Application\PS.Template.Application.csproj", "{527C098C-5604-46D0-9F33-BD234260E7AB}"
EndProject
Project("{9A19103F-16F7-4668-BE54-9A1E7A4F7556}") = "PS.Templete.Domain", "PS.Templete.Domain\PS.Templete.Domain.csproj", "{2ADFCAEF-C3F5-4BBA-AE2C-1C9E2276AECE}"
EndProject
Project("{9A19103F-16F7-4668-BE54-9A1E7A4F7556}") = "PS.Template.AccessData", "PS.Template.AccessData\PS.Template.AccessData.csproj", "{9B9ED263-EBAE-469D-BA2B-CEFFD17F0C17}"
EndProject
Project("{9A19103F-16F7-4668-BE54-9A1E7A4F7556}") = "PS.Template.ApplicationTest", "PS.Template.ApplicationTest\PS.Template.ApplicationTest.csproj", "{F94A82E6-D377-45E6-B805-F1A80CDD59D4}"
EndProject
Project("{FAE04EC0-301F-11D3-BF4B-00C04F79EFBC}") = "PS.Template.Authentication", "PS.Template.Authentication\PS.Template.Authentication.csproj", "{1640B7A8-A9AD-41C4-B36C-889DA541B2C9}"
EndProject
Global
	GlobalSection(SolutionConfigurationPlatforms) = preSolution
		Debug|Any CPU = Debug|Any CPU
		Release|Any CPU = Release|Any CPU
	EndGlobalSection
	GlobalSection(ProjectConfigurationPlatforms) = postSolution
		{FB19B40E-07B6-4B7E-B5FE-69E4EFAD2087}.Debug|Any CPU.ActiveCfg = Debug|Any CPU
		{FB19B40E-07B6-4B7E-B5FE-69E4EFAD2087}.Debug|Any CPU.Build.0 = Debug|Any CPU
		{FB19B40E-07B6-4B7E-B5FE-69E4EFAD2087}.Release|Any CPU.ActiveCfg = Release|Any CPU
		{FB19B40E-07B6-4B7E-B5FE-69E4EFAD2087}.Release|Any CPU.Build.0 = Release|Any CPU
		{527C098C-5604-46D0-9F33-BD234260E7AB}.Debug|Any CPU.ActiveCfg = Debug|Any CPU
		{527C098C-5604-46D0-9F33-BD234260E7AB}.Debug|Any CPU.Build.0 = Debug|Any CPU
		{527C098C-5604-46D0-9F33-BD234260E7AB}.Release|Any CPU.ActiveCfg = Release|Any CPU
		{527C098C-5604-46D0-9F33-BD234260E7AB}.Release|Any CPU.Build.0 = Release|Any CPU
		{2ADFCAEF-C3F5-4BBA-AE2C-1C9E2276AECE}.Debug|Any CPU.ActiveCfg = Debug|Any CPU
		{2ADFCAEF-C3F5-4BBA-AE2C-1C9E2276AECE}.Debug|Any CPU.Build.0 = Debug|Any CPU
		{2ADFCAEF-C3F5-4BBA-AE2C-1C9E2276AECE}.Release|Any CPU.ActiveCfg = Release|Any CPU
		{2ADFCAEF-C3F5-4BBA-AE2C-1C9E2276AECE}.Release|Any CPU.Build.0 = Release|Any CPU
		{9B9ED263-EBAE-469D-BA2B-CEFFD17F0C17}.Debug|Any CPU.ActiveCfg = Debug|Any CPU
		{9B9ED263-EBAE-469D-BA2B-CEFFD17F0C17}.Debug|Any CPU.Build.0 = Debug|Any CPU
		{9B9ED263-EBAE-469D-BA2B-CEFFD17F0C17}.Release|Any CPU.ActiveCfg = Release|Any CPU
		{9B9ED263-EBAE-469D-BA2B-CEFFD17F0C17}.Release|Any CPU.Build.0 = Release|Any CPU
		{F94A82E6-D377-45E6-B805-F1A80CDD59D4}.Debug|Any CPU.ActiveCfg = Debug|Any CPU
		{F94A82E6-D377-45E6-B805-F1A80CDD59D4}.Debug|Any CPU.Build.0 = Debug|Any CPU
		{F94A82E6-D377-45E6-B805-F1A80CDD59D4}.Release|Any CPU.ActiveCfg = Release|Any CPU
		{F94A82E6-D377-45E6-B805-F1A80CDD59D4}.Release|Any CPU.Build.0 = Release|Any CPU
		{1640B7A8-A9AD-41C4-B36C-889DA541B2C9}.Debug|Any CPU.ActiveCfg = Debug|Any CPU
		{1640B7A8-A9AD-41C4-B36C-889DA541B2C9}.Debug|Any CPU.Build.0 = Debug|Any CPU
		{1640B7A8-A9AD-41C4-B36C-889DA541B2C9}.Release|Any CPU.ActiveCfg = Release|Any CPU
		{1640B7A8-A9AD-41C4-B36C-889DA541B2C9}.Release|Any CPU.Build.0 = Release|Any CPU
	EndGlobalSection
	GlobalSection(SolutionProperties) = preSolution
		HideSolutionNode = FALSE
	EndGlobalSection
	GlobalSection(ExtensibilityGlobals) = postSolution
		SolutionGuid = {CC6470F2-1539-4AE7-A3A2-2F1195E9F9FE}
	EndGlobalSection
EndGlobal
